// !$*UTF8*$!
{
	archiveVersion = 1;
	classes = {
	};
	objectVersion = 48;
	objects = {

/* Begin PBXBuildFile section */
		FE20C2C8206A99E000588135 /* AppDelegate.swift in Sources */ = {isa = PBXBuildFile; fileRef = FE20C2C7206A99E000588135 /* AppDelegate.swift */; };
		FE20C2CA206A99E000588135 /* ViewController.swift in Sources */ = {isa = PBXBuildFile; fileRef = FE20C2C9206A99E000588135 /* ViewController.swift */; };
		FE20C2CD206A99E000588135 /* Main.storyboard in Resources */ = {isa = PBXBuildFile; fileRef = FE20C2CB206A99E000588135 /* Main.storyboard */; };
		FE20C2CF206A99E000588135 /* Assets.xcassets in Resources */ = {isa = PBXBuildFile; fileRef = FE20C2CE206A99E000588135 /* Assets.xcassets */; };
		FE20C2D2206A99E000588135 /* LaunchScreen.storyboard in Resources */ = {isa = PBXBuildFile; fileRef = FE20C2D0206A99E000588135 /* LaunchScreen.storyboard */; };
		FEA039E5206AA51000986F50 /* next1ViewController.swift in Sources */ = {isa = PBXBuildFile; fileRef = FEA039E4206AA51000986F50 /* next1ViewController.swift */; };
		FEBCFA96206BC611006FDE08 /* redViewController.swift in Sources */ = {isa = PBXBuildFile; fileRef = FEBCFA95206BC611006FDE08 /* redViewController.swift */; };
		FEBCFA98206BD5B8006FDE08 /* demoxib.xib in Resources */ = {isa = PBXBuildFile; fileRef = FEBCFA97206BD5B8006FDE08 /* demoxib.xib */; };
		FEBCFA9A206BD5DD006FDE08 /* demoxibViewController.swift in Sources */ = {isa = PBXBuildFile; fileRef = FEBCFA99206BD5DD006FDE08 /* demoxibViewController.swift */; };
		FEBCFAA0206BDB17006FDE08 /* delegateViewController.swift in Sources */ = {isa = PBXBuildFile; fileRef = FEBCFA9F206BDB17006FDE08 /* delegateViewController.swift */; };
		FEBCFAA2206BE0F4006FDE08 /* closureViewController.swift in Sources */ = {isa = PBXBuildFile; fileRef = FEBCFAA1206BE0F4006FDE08 /* closureViewController.swift */; };
/* End PBXBuildFile section */

/* Begin PBXFileReference section */
		FE20C2C4206A99E000588135 /* Lession4.app */ = {isa = PBXFileReference; explicitFileType = wrapper.application; includeInIndex = 0; path = Lession4.app; sourceTree = BUILT_PRODUCTS_DIR; };
		FE20C2C7206A99E000588135 /* AppDelegate.swift */ = {isa = PBXFileReference; lastKnownFileType = sourcecode.swift; path = AppDelegate.swift; sourceTree = "<group>"; };
		FE20C2C9206A99E000588135 /* ViewController.swift */ = {isa = PBXFileReference; lastKnownFileType = sourcecode.swift; path = ViewController.swift; sourceTree = "<group>"; };
		FE20C2CC206A99E000588135 /* Base */ = {isa = PBXFileReference; lastKnownFileType = file.storyboard; name = Base; path = Base.lproj/Main.storyboard; sourceTree = "<group>"; };
		FE20C2CE206A99E000588135 /* Assets.xcassets */ = {isa = PBXFileReference; lastKnownFileType = folder.assetcatalog; path = Assets.xcassets; sourceTree = "<group>"; };
		FE20C2D1206A99E000588135 /* Base */ = {isa = PBXFileReference; lastKnownFileType = file.storyboard; name = Base; path = Base.lproj/LaunchScreen.storyboard; sourceTree = "<group>"; };
		FE20C2D3206A99E000588135 /* Info.plist */ = {isa = PBXFileReference; lastKnownFileType = text.plist.xml; path = Info.plist; sourceTree = "<group>"; };
		FEA039E4206AA51000986F50 /* next1ViewController.swift */ = {isa = PBXFileReference; lastKnownFileType = sourcecode.swift; path = next1ViewController.swift; sourceTree = "<group>"; };
		FEBCFA95206BC611006FDE08 /* redViewController.swift */ = {isa = PBXFileReference; lastKnownFileType = sourcecode.swift; path = redViewController.swift; sourceTree = "<group>"; };
		FEBCFA97206BD5B8006FDE08 /* demoxib.xib */ = {isa = PBXFileReference; lastKnownFileType = file.xib; path = demoxib.xib; sourceTree = "<group>"; };
		FEBCFA99206BD5DD006FDE08 /* demoxibViewController.swift */ = {isa = PBXFileReference; lastKnownFileType = sourcecode.swift; path = demoxibViewController.swift; sourceTree = "<group>"; };
		FEBCFA9F206BDB17006FDE08 /* delegateViewController.swift */ = {isa = PBXFileReference; lastKnownFileType = sourcecode.swift; path = delegateViewController.swift; sourceTree = "<group>"; };
		FEBCFAA1206BE0F4006FDE08 /* closureViewController.swift */ = {isa = PBXFileReference; lastKnownFileType = sourcecode.swift; path = closureViewController.swift; sourceTree = "<group>"; };
/* End PBXFileReference section */

/* Begin PBXFrameworksBuildPhase section */
		FE20C2C1206A99E000588135 /* Frameworks */ = {
			isa = PBXFrameworksBuildPhase;
			buildActionMask = 2147483647;
			files = (
			);
			runOnlyForDeploymentPostprocessing = 0;
		};
/* End PBXFrameworksBuildPhase section */

/* Begin PBXGroup section */
		FE20C2BB206A99E000588135 = {
			isa = PBXGroup;
			children = (
				FE20C2C6206A99E000588135 /* Lession4 */,
				FE20C2C5206A99E000588135 /* Products */,
			);
			sourceTree = "<group>";
		};
		FE20C2C5206A99E000588135 /* Products */ = {
			isa = PBXGroup;
			children = (
				FE20C2C4206A99E000588135 /* Lession4.app */,
			);
			name = Products;
			sourceTree = "<group>";
		};
		FE20C2C6206A99E000588135 /* Lession4 */ = {
			isa = PBXGroup;
			children = (
				FE20C2C7206A99E000588135 /* AppDelegate.swift */,
				FEBCFA9F206BDB17006FDE08 /* delegateViewController.swift */,
				FE20C2C9206A99E000588135 /* ViewController.swift */,
				FEBCFAA1206BE0F4006FDE08 /* closureViewController.swift */,
				FEA039E4206AA51000986F50 /* next1ViewController.swift */,
				FEBCFA95206BC611006FDE08 /* redViewController.swift */,
				FE20C2CB206A99E000588135 /* Main.storyboard */,
				FEBCFA99206BD5DD006FDE08 /* demoxibViewController.swift */,
				FEBCFA97206BD5B8006FDE08 /* demoxib.xib */,
				FE20C2CE206A99E000588135 /* Assets.xcassets */,
				FE20C2D0206A99E000588135 /* LaunchScreen.storyboard */,
				FE20C2D3206A99E000588135 /* Info.plist */,
			);
			path = Lession4;
			sourceTree = "<group>";
		};
/* End PBXGroup section */

/* Begin PBXNativeTarget section */
		FE20C2C3206A99E000588135 /* Lession4 */ = {
			isa = PBXNativeTarget;
			buildConfigurationList = FE20C2D6206A99E000588135 /* Build configuration list for PBXNativeTarget "Lession4" */;
			buildPhases = (
				FE20C2C0206A99E000588135 /* Sources */,
				FE20C2C1206A99E000588135 /* Frameworks */,
				FE20C2C2206A99E000588135 /* Resources */,
			);
			buildRules = (
			);
			dependencies = (
			);
			name = Lession4;
			productName = Lession4;
			productReference = FE20C2C4206A99E000588135 /* Lession4.app */;
			productType = "com.apple.product-type.application";
		};
/* End PBXNativeTarget section */

/* Begin PBXProject section */
		FE20C2BC206A99E000588135 /* Project object */ = {
			isa = PBXProject;
			attributes = {
				LastSwiftUpdateCheck = 0920;
				LastUpgradeCheck = 0920;
				ORGANIZATIONNAME = ThanhLong;
				TargetAttributes = {
					FE20C2C3206A99E000588135 = {
						CreatedOnToolsVersion = 9.2;
						ProvisioningStyle = Automatic;
					};
				};
			};
			buildConfigurationList = FE20C2BF206A99E000588135 /* Build configuration list for PBXProject "Lession4" */;
			compatibilityVersion = "Xcode 8.0";
			developmentRegion = en;
			hasScannedForEncodings = 0;
			knownRegions = (
				en,
				Base,
			);
			mainGroup = FE20C2BB206A99E000588135;
			productRefGroup = FE20C2C5206A99E000588135 /* Products */;
			projectDirPath = "";
			projectRoot = "";
			targets = (
				FE20C2C3206A99E000588135 /* Lession4 */,
			);
		};
/* End PBXProject section */

/* Begin PBXResourcesBuildPhase section */
		FE20C2C2206A99E000588135 /* Resources */ = {
			isa = PBXResourcesBuildPhase;
			buildActionMask = 2147483647;
			files = (
				FEBCFA98206BD5B8006FDE08 /* demoxib.xib in Resources */,
				FE20C2D2206A99E000588135 /* LaunchScreen.storyboard in Resources */,
				FE20C2CF206A99E000588135 /* Assets.xcassets in Resources */,
				FE20C2CD206A99E000588135 /* Main.storyboard in Resources */,
			);
			runOnlyForDeploymentPostprocessing = 0;
		};
/* End PBXResourcesBuildPhase section */

/* Begin PBXSourcesBuildPhase section */
		FE20C2C0206A99E000588135 /* Sources */ = {
			isa = PBXSourcesBuildPhase;
			buildActionMask = 2147483647;
			files = (
				FEBCFAA0206BDB17006FDE08 /* delegateViewController.swift in Sources */,
				FEBCFA96206BC611006FDE08 /* redViewController.swift in Sources */,
				FE20C2CA206A99E000588135 /* ViewController.swift in Sources */,
				FEBCFA9A206BD5DD006FDE08 /* demoxibViewController.swift in Sources */,
				FEA039E5206AA51000986F50 /* next1ViewController.swift in Sources */,
				FEBCFAA2206BE0F4006FDE08 /* closureViewController.swift in Sources */,
				FE20C2C8206A99E000588135 /* AppDelegate.swift in Sources */,
			);
			runOnlyForDeploymentPostprocessing = 0;
		};
/* End PBXSourcesBuildPhase section */

/* Begin PBXVariantGroup section */
		FE20C2CB206A99E000588135 /* Main.storyboard */ = {
			isa = PBXVariantGroup;
			children = (
				FE20C2CC206A99E000588135 /* Base */,
			);
			name = Main.storyboard;
			sourceTree = "<group>";
		};
		FE20C2D0206A99E000588135 /* LaunchScreen.storyboard */ = {
			isa = PBXVariantGroup;
			children = (
				FE20C2D1206A99E000588135 /* Base */,
			);
			name = LaunchScreen.storyboard;
			sourceTree = "<group>";
		};
/* End PBXVariantGroup section */

/* Begin XCBuildConfiguration section */
		FE20C2D4206A99E000588135 /* Debug */ = {
			isa = XCBuildConfiguration;
			buildSettings = {
				ALWAYS_SEARCH_USER_PATHS = NO;
				CLANG_ANALYZER_NONNULL = YES;
				CLANG_ANALYZER_NUMBER_OBJECT_CONVERSION = YES_AGGRESSIVE;
				CLANG_CXX_LANGUAGE_STANDARD = "gnu++14";
				CLANG_CXX_LIBRARY = "libc++";
				CLANG_ENABLE_MODULES = YES;
				CLANG_ENABLE_OBJC_ARC = YES;
				CLANG_WARN_BLOCK_CAPTURE_AUTORELEASING = YES;
				CLANG_WARN_BOOL_CONVERSION = YES;
				CLANG_WARN_COMMA = YES;
				CLANG_WARN_CONSTANT_CONVERSION = YES;
				CLANG_WARN_DIRECT_OBJC_ISA_USAGE = YES_ERROR;
				CLANG_WARN_DOCUMENTATION_COMMENTS = YES;
				CLANG_WARN_EMPTY_BODY = YES;
				CLANG_WARN_ENUM_CONVERSION = YES;
				CLANG_WARN_INFINITE_RECURSION = YES;
				CLANG_WARN_INT_CONVERSION = YES;
				CLANG_WARN_NON_LITERAL_NULL_CONVERSION = YES;
				CLANG_WARN_OBJC_LITERAL_CONVERSION = YES;
				CLANG_WARN_OBJC_ROOT_CLASS = YES_ERROR;
				CLANG_WARN_RANGE_LOOP_ANALYSIS = YES;
				CLANG_WARN_STRICT_PROTOTYPES = YES;
				CLANG_WARN_SUSPICIOUS_MOVE = YES;
				CLANG_WARN_UNGUARDED_AVAILABILITY = YES_AGGRESSIVE;
				CLANG_WARN_UNREACHABLE_CODE = YES;
				CLANG_WARN__DUPLICATE_METHOD_MATCH = YES;
				CODE_SIGN_IDENTITY = "iPhone Developer";
				COPY_PHASE_STRIP = NO;
				DEBUG_INFORMATION_FORMAT = dwarf;
				ENABLE_STRICT_OBJC_MSGSEND = YES;
				ENABLE_TESTABILITY = YES;
				GCC_C_LANGUAGE_STANDARD = gnu11;
				GCC_DYNAMIC_NO_PIC = NO;
				GCC_NO_COMMON_BLOCKS = YES;
				GCC_OPTIMIZATION_LEVEL = 0;
				GCC_PREPROCESSOR_DEFINITIONS = (
					"DEBUG=1",
					"$(inherited)",
				);
				GCC_WARN_64_TO_32_BIT_CONVERSION = YES;
				GCC_WARN_ABOUT_RETURN_TYPE = YES_ERROR;
				GCC_WARN_UNDECLARED_SELECTOR = YES;
				GCC_WARN_UNINITIALIZED_AUTOS = YES_AGGRESSIVE;
				GCC_WARN_UNUSED_FUNCTION = YES;
				GCC_WARN_UNUSED_VARIABLE = YES;
				IPHONEOS_DEPLOYMENT_TARGET = 11.2;
				MTL_ENABLE_DEBUG_INFO = YES;
				ONLY_ACTIVE_ARCH = YES;
				SDKROOT = iphoneos;
				SWIFT_ACTIVE_COMPILATION_CONDITIONS = DEBUG;
				SWIFT_OPTIMIZATION_LEVEL = "-Onone";
			};
			name = Debug;
		};
		FE20C2D5206A99E000588135 /* Release */ = {
			isa = XCBuildConfiguration;
			buildSettings = {
				ALWAYS_SEARCH_USER_PATHS = NO;
				CLANG_ANALYZER_NONNULL = YES;
				CLANG_ANALYZER_NUMBER_OBJECT_CONVERSION = YES_AGGRESSIVE;
				CLANG_CXX_LANGUAGE_STANDARD = "gnu++14";
				CLANG_CXX_LIBRARY = "libc++";
				CLANG_ENABLE_MODULES = YES;
				CLANG_ENABLE_OBJC_ARC = YES;
				CLANG_WARN_BLOCK_CAPTURE_AUTORELEASING = YES;
				CLANG_WARN_BOOL_CONVERSION = YES;
				CLANG_WARN_COMMA = YES;
				CLANG_WARN_CONSTANT_CONVERSION = YES;
				CLANG_WARN_DIRECT_OBJC_ISA_USAGE = YES_ERROR;
				CLANG_WARN_DOCUMENTATION_COMMENTS = YES;
				CLANG_WARN_EMPTY_BODY = YES;
				CLANG_WARN_ENUM_CONVERSION = YES;
				CLANG_WARN_INFINITE_RECURSION = YES;
				CLANG_WARN_INT_CONVERSION = YES;
				CLANG_WARN_NON_LITERAL_NULL_CONVERSION = YES;
				CLANG_WARN_OBJC_LITERAL_CONVERSION = YES;
				CLANG_WARN_OBJC_ROOT_CLASS = YES_ERROR;
				CLANG_WARN_RANGE_LOOP_ANALYSIS = YES;
				CLANG_WARN_STRICT_PROTOTYPES = YES;
				CLANG_WARN_SUSPICIOUS_MOVE = YES;
				CLANG_WARN_UNGUARDED_AVAILABILITY = YES_AGGRESSIVE;
				CLANG_WARN_UNREACHABLE_CODE = YES;
				CLANG_WARN__DUPLICATE_METHOD_MATCH = YES;
				CODE_SIGN_IDENTITY = "iPhone Developer";
				COPY_PHASE_STRIP = NO;
				DEBUG_INFORMATION_FORMAT = "dwarf-with-dsym";
				ENABLE_NS_ASSERTIONS = NO;
				ENABLE_STRICT_OBJC_MSGSEND = YES;
				GCC_C_LANGUAGE_STANDARD = gnu11;
				GCC_NO_COMMON_BLOCKS = YES;
				GCC_WARN_64_TO_32_BIT_CONVERSION = YES;
				GCC_WARN_ABOUT_RETURN_TYPE = YES_ERROR;
				GCC_WARN_UNDECLARED_SELECTOR = YES;
				GCC_WARN_UNINITIALIZED_AUTOS = YES_AGGRESSIVE;
				GCC_WARN_UNUSED_FUNCTION = YES;
				GCC_WARN_UNUSED_VARIABLE = YES;
				IPHONEOS_DEPLOYMENT_TARGET = 11.2;
				MTL_ENABLE_DEBUG_INFO = NO;
				SDKROOT = iphoneos;
				SWIFT_OPTIMIZATION_LEVEL = "-Owholemodule";
				VALIDATE_PRODUCT = YES;
			};
			name = Release;
		};
		FE20C2D7206A99E000588135 /* Debug */ = {
			isa = XCBuildConfiguration;
			buildSettings = {
				ASSETCATALOG_COMPILER_APPICON_NAME = AppIcon;
				CODE_SIGN_STYLE = Automatic;
				DEVELOPMENT_TEAM = "";
				INFOPLIST_FILE = Lession4/Info.plist;
				LD_RUNPATH_SEARCH_PATHS = "$(inherited) @executable_path/Frameworks";
				PRODUCT_BUNDLE_IDENTIFIER = ThanhLong.Lession4;
				PRODUCT_NAME = "$(TARGET_NAME)";
				SWIFT_VERSION = 4.0;
				TARGETED_DEVICE_FAMILY = "1,2";
			};
			name = Debug;
		};
		FE20C2D8206A99E000588135 /* Release */ = {
			isa = XCBuildConfiguration;
			buildSettings = {
				ASSETCATALOG_COMPILER_APPICON_NAME = AppIcon;
				CODE_SIGN_STYLE = Automatic;
				DEVELOPMENT_TEAM = "";
				INFOPLIST_FILE = Lession4/Info.plist;
				LD_RUNPATH_SEARCH_PATHS = "$(inherited) @executable_path/Frameworks";
				PRODUCT_BUNDLE_IDENTIFIER = ThanhLong.Lession4;
				PRODUCT_NAME = "$(TARGET_NAME)";
				SWIFT_VERSION = 4.0;
				TARGETED_DEVICE_FAMILY = "1,2";
			};
			name = Release;
		};
/* End XCBuildConfiguration section */

/* Begin XCConfigurationList section */
		FE20C2BF206A99E000588135 /* Build configuration list for PBXProject "Lession4" */ = {
			isa = XCConfigurationList;
			buildConfigurations = (
				FE20C2D4206A99E000588135 /* Debug */,
				FE20C2D5206A99E000588135 /* Release */,
			);
			defaultConfigurationIsVisible = 0;
			defaultConfigurationName = Release;
		};
		FE20C2D6206A99E000588135 /* Build configuration list for PBXNativeTarget "Lession4" */ = {
			isa = XCConfigurationList;
			buildConfigurations = (
				FE20C2D7206A99E000588135 /* Debug */,
				FE20C2D8206A99E000588135 /* Release */,
			);
			defaultConfigurationIsVisible = 0;
			defaultConfigurationName = Release;
		};
/* End XCConfigurationList section */
	};
	rootObject = FE20C2BC206A99E000588135 /* Project object */;
}
